
Microsoft Visual Studio Solution File, Format Version 12.00
# Visual Studio 15
Project("{FAE04EC0-301F-11D3-BF4B-00C04F79EFBC}") = "Assembly-CSharp", "Assembly-CSharp.csproj", "{DEC97CAA-D390-22BB-8EA6-C0BC923DA800}"
EndProject
Project("{FAE04EC0-301F-11D3-BF4B-00C04F79EFBC}") = "Assembly-CSharp-Editor", "Assembly-CSharp-Editor.csproj", "{E672C5E0-B16D-BE16-2E0B-55811DB2A39A}"
EndProject
Global
	GlobalSection(SolutionConfigurationPlatforms) = preSolution
		Debug|Any CPU = Debug|Any CPU
		Release|Any CPU = Release|Any CPU
	EndGlobalSection
	GlobalSection(ProjectConfigurationPlatforms) = postSolution
		{DEC97CAA-D390-22BB-8EA6-C0BC923DA800}.Debug|Any CPU.ActiveCfg = Debug|Any CPU
		{DEC97CAA-D390-22BB-8EA6-C0BC923DA800}.Debug|Any CPU.Build.0 = Debug|Any CPU
		{DEC97CAA-D390-22BB-8EA6-C0BC923DA800}.Release|Any CPU.ActiveCfg = Release|Any CPU
		{DEC97CAA-D390-22BB-8EA6-C0BC923DA800}.Release|Any CPU.Build.0 = Release|Any CPU
		{E672C5E0-B16D-BE16-2E0B-55811DB2A39A}.Debug|Any CPU.ActiveCfg = Debug|Any CPU
		{E672C5E0-B16D-BE16-2E0B-55811DB2A39A}.Debug|Any CPU.Build.0 = Debug|Any CPU
		{E672C5E0-B16D-BE16-2E0B-55811DB2A39A}.Release|Any CPU.ActiveCfg = Release|Any CPU
		{E672C5E0-B16D-BE16-2E0B-55811DB2A39A}.Release|Any CPU.Build.0 = Release|Any CPU
	EndGlobalSection
	GlobalSection(SolutionProperties) = preSolution
		HideSolutionNode = FALSE
	EndGlobalSection
EndGlobal
